
Microsoft Visual Studio Solution File, Format Version 12.00
# Visual Studio Version 17
VisualStudioVersion = 17.0.31912.275
MinimumVisualStudioVersion = 10.0.40219.1
Project("{9A19103F-16F7-4668-BE54-9A1E7A4F7556}") = "LivrariaControleEmprestimo.DATA", "LivrariaControleEmprestimo.DATA\LivrariaControleEmprestimo.DATA.csproj", "{68FA40B0-08DA-420D-B97F-A98E918D6645}"
EndProject
Project("{FAE04EC0-301F-11D3-BF4B-00C04F79EFBC}") = "LivrariaControleEmprestimo.WEB", "LivrariaControleEmprestimo.WEB\LivrariaControleEmprestimo.WEB.csproj", "{6BFF5CF5-6447-49B4-947A-88C2DD22A002}"
EndProject
Global
	GlobalSection(SolutionConfigurationPlatforms) = preSolution
		Debug|Any CPU = Debug|Any CPU
		Release|Any CPU = Release|Any CPU
	EndGlobalSection
	GlobalSection(ProjectConfigurationPlatforms) = postSolution
		{68FA40B0-08DA-420D-B97F-A98E918D6645}.Debug|Any CPU.ActiveCfg = Debug|Any CPU
		{68FA40B0-08DA-420D-B97F-A98E918D6645}.Debug|Any CPU.Build.0 = Debug|Any CPU
		{68FA40B0-08DA-420D-B97F-A98E918D6645}.Release|Any CPU.ActiveCfg = Release|Any CPU
		{68FA40B0-08DA-420D-B97F-A98E918D6645}.Release|Any CPU.Build.0 = Release|Any CPU
		{6BFF5CF5-6447-49B4-947A-88C2DD22A002}.Debug|Any CPU.ActiveCfg = Debug|Any CPU
		{6BFF5CF5-6447-49B4-947A-88C2DD22A002}.Debug|Any CPU.Build.0 = Debug|Any CPU
		{6BFF5CF5-6447-49B4-947A-88C2DD22A002}.Release|Any CPU.ActiveCfg = Release|Any CPU
		{6BFF5CF5-6447-49B4-947A-88C2DD22A002}.Release|Any CPU.Build.0 = Release|Any CPU
	EndGlobalSection
	GlobalSection(SolutionProperties) = preSolution
		HideSolutionNode = FALSE
	EndGlobalSection
	GlobalSection(ExtensibilityGlobals) = postSolution
		SolutionGuid = {2586FB51-BAF3-499A-9C13-BB7C3BF2BAB0}
	EndGlobalSection
EndGlobal
